
Microsoft Visual Studio Solution File, Format Version 12.00
# Visual Studio 15
VisualStudioVersion = 15.0.26430.15
MinimumVisualStudioVersion = 10.0.40219.1
Project("{FAE04EC0-301F-11D3-BF4B-00C04F79EFBC}") = "OhadSoft.AzureLetsEncrypt.Renewal", "OhadSoft.AzureLetsEncrypt.Renewal\OhadSoft.AzureLetsEncrypt.Renewal.csproj", "{7173122F-CF8B-4D1E-9CC5-E3EC479ED6F8}"
EndProject
Project("{FAE04EC0-301F-11D3-BF4B-00C04F79EFBC}") = "OhadSoft.AzureLetsEncrypt.Renewal.WebJob", "OhadSoft.AzureLetsEncrypt.Renewal.WebJob\OhadSoft.AzureLetsEncrypt.Renewal.WebJob.csproj", "{B8C64DE4-15EC-4935-8891-85245E97E48B}"
EndProject
Project("{2150E333-8FDC-42A3-9474-1A3956D46DE8}") = "Rules", "Rules", "{0905F60B-0303-4912-A620-7E2C709387C2}"
	ProjectSection(SolutionItems) = preProject
		OhadSoft.AzureLetsEncrypt.Renewal.ruleset = OhadSoft.AzureLetsEncrypt.Renewal.ruleset
	EndProjectSection
EndProject
Global
	GlobalSection(SolutionConfigurationPlatforms) = preSolution
		Debug|Any CPU = Debug|Any CPU
		Release|Any CPU = Release|Any CPU
	EndGlobalSection
	GlobalSection(ProjectConfigurationPlatforms) = postSolution
		{7173122F-CF8B-4D1E-9CC5-E3EC479ED6F8}.Debug|Any CPU.ActiveCfg = Debug|Any CPU
		{7173122F-CF8B-4D1E-9CC5-E3EC479ED6F8}.Debug|Any CPU.Build.0 = Debug|Any CPU
		{7173122F-CF8B-4D1E-9CC5-E3EC479ED6F8}.Release|Any CPU.ActiveCfg = Release|Any CPU
		{7173122F-CF8B-4D1E-9CC5-E3EC479ED6F8}.Release|Any CPU.Build.0 = Release|Any CPU
		{B8C64DE4-15EC-4935-8891-85245E97E48B}.Debug|Any CPU.ActiveCfg = Debug|Any CPU
		{B8C64DE4-15EC-4935-8891-85245E97E48B}.Debug|Any CPU.Build.0 = Debug|Any CPU
		{B8C64DE4-15EC-4935-8891-85245E97E48B}.Release|Any CPU.ActiveCfg = Release|Any CPU
		{B8C64DE4-15EC-4935-8891-85245E97E48B}.Release|Any CPU.Build.0 = Release|Any CPU
	EndGlobalSection
	GlobalSection(SolutionProperties) = preSolution
		HideSolutionNode = FALSE
	EndGlobalSection
EndGlobal
